
Microsoft Visual Studio Solution File, Format Version 12.00
# Visual Studio 15
VisualStudioVersion = 15.0.28307.271
MinimumVisualStudioVersion = 10.0.40219.1
Project("{FAE04EC0-301F-11D3-BF4B-00C04F79EFBC}") = "PptWebAddIn", "PptWebAddIn\PptWebAddIn.csproj", "{80007D56-7DC7-4B32-9487-55D57A8D92D5}"
EndProject
Project("{FAE04EC0-301F-11D3-BF4B-00C04F79EFBC}") = "PptWebAddInWeb", "PptWebAddInWeb\PptWebAddInWeb.csproj", "{7DE3F053-78F3-45FF-911E-4D72F979BDC0}"
EndProject
Global
	GlobalSection(SolutionConfigurationPlatforms) = preSolution
		Debug|Any CPU = Debug|Any CPU
		Release|Any CPU = Release|Any CPU
	EndGlobalSection
	GlobalSection(ProjectConfigurationPlatforms) = postSolution
		{80007D56-7DC7-4B32-9487-55D57A8D92D5}.Debug|Any CPU.ActiveCfg = Debug|Any CPU
		{80007D56-7DC7-4B32-9487-55D57A8D92D5}.Debug|Any CPU.Build.0 = Debug|Any CPU
		{80007D56-7DC7-4B32-9487-55D57A8D92D5}.Debug|Any CPU.Deploy.0 = Debug|Any CPU
		{80007D56-7DC7-4B32-9487-55D57A8D92D5}.Release|Any CPU.ActiveCfg = Release|Any CPU
		{80007D56-7DC7-4B32-9487-55D57A8D92D5}.Release|Any CPU.Build.0 = Release|Any CPU
		{80007D56-7DC7-4B32-9487-55D57A8D92D5}.Release|Any CPU.Deploy.0 = Release|Any CPU
		{7DE3F053-78F3-45FF-911E-4D72F979BDC0}.Debug|Any CPU.ActiveCfg = Debug|Any CPU
		{7DE3F053-78F3-45FF-911E-4D72F979BDC0}.Debug|Any CPU.Build.0 = Debug|Any CPU
		{7DE3F053-78F3-45FF-911E-4D72F979BDC0}.Release|Any CPU.ActiveCfg = Release|Any CPU
		{7DE3F053-78F3-45FF-911E-4D72F979BDC0}.Release|Any CPU.Build.0 = Release|Any CPU
	EndGlobalSection
	GlobalSection(SolutionProperties) = preSolution
		HideSolutionNode = FALSE
	EndGlobalSection
	GlobalSection(ExtensibilityGlobals) = postSolution
		SolutionGuid = {EFF3A3FE-8497-44BC-A3A7-15BA8E4B7E94}
	EndGlobalSection
EndGlobal
